
Microsoft Visual Studio Solution File, Format Version 12.00
# Visual Studio 2013
VisualStudioVersion = 12.0.21005.1
MinimumVisualStudioVersion = 10.0.40219.1
Project("{FAE04EC0-301F-11D3-BF4B-00C04F79EFBC}") = "test", "test\test.csproj", "{59C883DD-1CE4-4F15-87FC-4702BF8C629B}"
EndProject
Global
	GlobalSection(SolutionConfigurationPlatforms) = preSolution
		Debug|Any CPU = Debug|Any CPU
		Release|Any CPU = Release|Any CPU
	EndGlobalSection
	GlobalSection(ProjectConfigurationPlatforms) = postSolution
		{59C883DD-1CE4-4F15-87FC-4702BF8C629B}.Debug|Any CPU.ActiveCfg = Debug|Any CPU
		{59C883DD-1CE4-4F15-87FC-4702BF8C629B}.Debug|Any CPU.Build.0 = Debug|Any CPU
		{59C883DD-1CE4-4F15-87FC-4702BF8C629B}.Release|Any CPU.ActiveCfg = Release|Any CPU
		{59C883DD-1CE4-4F15-87FC-4702BF8C629B}.Release|Any CPU.Build.0 = Release|Any CPU
	EndGlobalSection
	GlobalSection(SolutionProperties) = preSolution
		HideSolutionNode = FALSE
	EndGlobalSection
EndGlobal
